
Microsoft Visual Studio Solution File, Format Version 12.00
# Visual Studio Version 16
VisualStudioVersion = 16.0.31025.194
MinimumVisualStudioVersion = 10.0.40219.1
Project("{FAE04EC0-301F-11D3-BF4B-00C04F79EFBC}") = "SelfTrades.Web", "SelfTrades.Web\SelfTrades.Web.csproj", "{47A40609-FF5B-4E51-9DBA-ACE31538804C}"
EndProject
Global
	GlobalSection(SolutionConfigurationPlatforms) = preSolution
		Debug|Any CPU = Debug|Any CPU
		Release|Any CPU = Release|Any CPU
	EndGlobalSection
	GlobalSection(ProjectConfigurationPlatforms) = postSolution
		{47A40609-FF5B-4E51-9DBA-ACE31538804C}.Debug|Any CPU.ActiveCfg = Debug|Any CPU
		{47A40609-FF5B-4E51-9DBA-ACE31538804C}.Debug|Any CPU.Build.0 = Debug|Any CPU
		{47A40609-FF5B-4E51-9DBA-ACE31538804C}.Release|Any CPU.ActiveCfg = Release|Any CPU
		{47A40609-FF5B-4E51-9DBA-ACE31538804C}.Release|Any CPU.Build.0 = Release|Any CPU
	EndGlobalSection
	GlobalSection(SolutionProperties) = preSolution
		HideSolutionNode = FALSE
	EndGlobalSection
	GlobalSection(ExtensibilityGlobals) = postSolution
		SolutionGuid = {7E071FCE-B153-4882-88B4-8FEF7B4A1EE1}
	EndGlobalSection
EndGlobal
